
Microsoft Visual Studio Solution File, Format Version 12.00
# Visual Studio 15
VisualStudioVersion = 15.0.28307.168
MinimumVisualStudioVersion = 10.0.40219.1
Project("{8BC9CEB8-8B4A-11D0-8D11-00A0C91BC942}") = "Motor 2D", "Motor2D\Motor2D.vcxproj", "{2AF9969B-F202-497B-AF30-7BEF9CE8005E}"
EndProject
Global
	GlobalSection(SolutionConfigurationPlatforms) = preSolution
		Debug|ARM = Debug|ARM
		Debug|Win32 = Debug|Win32
		Debug|x64 = Debug|x64
		Release|ARM = Release|ARM
		Release|Win32 = Release|Win32
		Release|x64 = Release|x64
	EndGlobalSection
	GlobalSection(ProjectConfigurationPlatforms) = postSolution
		{2AF9969B-F202-497B-AF30-7BEF9CE8005E}.Debug|ARM.ActiveCfg = Debug|Win32
		{2AF9969B-F202-497B-AF30-7BEF9CE8005E}.Debug|ARM.Build.0 = Debug|Win32
		{2AF9969B-F202-497B-AF30-7BEF9CE8005E}.Debug|Win32.ActiveCfg = Debug|Win32
		{2AF9969B-F202-497B-AF30-7BEF9CE8005E}.Debug|Win32.Build.0 = Debug|Win32
		{2AF9969B-F202-497B-AF30-7BEF9CE8005E}.Debug|x64.ActiveCfg = Debug|x64
		{2AF9969B-F202-497B-AF30-7BEF9CE8005E}.Debug|x64.Build.0 = Debug|x64
		{2AF9969B-F202-497B-AF30-7BEF9CE8005E}.Release|ARM.ActiveCfg = Release|ARM
		{2AF9969B-F202-497B-AF30-7BEF9CE8005E}.Release|ARM.Build.0 = Release|ARM
		{2AF9969B-F202-497B-AF30-7BEF9CE8005E}.Release|Win32.ActiveCfg = Release|Win32
		{2AF9969B-F202-497B-AF30-7BEF9CE8005E}.Release|Win32.Build.0 = Release|Win32
		{2AF9969B-F202-497B-AF30-7BEF9CE8005E}.Release|x64.ActiveCfg = Release|x64
		{2AF9969B-F202-497B-AF30-7BEF9CE8005E}.Release|x64.Build.0 = Release|x64
	EndGlobalSection
	GlobalSection(SolutionProperties) = preSolution
		HideSolutionNode = FALSE
	EndGlobalSection
	GlobalSection(ExtensibilityGlobals) = postSolution
		SolutionGuid = {B93D85F3-8106-4815-8813-696A0812D33C}
	EndGlobalSection
EndGlobal
