<?xml version="1.0" encoding="utf-8"?>
<Project ToolsVersion="4.0" xmlns="http://schemas.microsoft.com/developer/msbuild/2003">
  <ItemGroup>
    <ClCompile Include="j1Window.cpp">
      <Filter>Motor  ========\Modules</Filter>
    </ClCompile>
    <ClCompile Include="j1Input.cpp">
      <Filter>Motor  ========\Modules</Filter>
    </ClCompile>
    <ClCompile Include="j1Render.cpp">
      <Filter>Motor  ========\Modules</Filter>
    </ClCompile>
    <ClCompile Include="j1Textures.cpp">
      <Filter>Motor  ========\Modules</Filter>
    </ClCompile>
    <ClCompile Include="p2Log.cpp">
      <Filter>Programacio 2 ===========</Filter>
    </ClCompile>
    <ClCompile Include="PugiXml\src\pugixml.cpp">
      <Filter>Motor  ========\Tools\PuguiXML</Filter>
    </ClCompile>
    <ClCompile Include="j1Map.cpp">
      <Filter>Motor  ========\Modules</Filter>
    </ClCompile>
    <ClCompile Include="j1Timer.cpp">
      <Filter>Motor  ========\Tools</Filter>
    </ClCompile>
    <ClCompile Include="j1PerfTimer.cpp">
      <Filter>Motor  ========\Tools</Filter>
    </ClCompile>
    <ClCompile Include="j1Player.cpp">
      <Filter>Motor  ========\Modules</Filter>
    </ClCompile>
    <ClCompile Include="j1Collision.cpp">
      <Filter>Motor  ========\Modules</Filter>
    </ClCompile>
    <ClCompile Include="Entity.cpp">
      <Filter>Motor  ========\Entities</Filter>
    </ClCompile>
    <ClCompile Include="j1EntityManager.cpp">
      <Filter>Motor  ========\Modules</Filter>
    </ClCompile>
    <ClCompile Include="animation.cpp">
      <Filter>Motor  ========\Tools</Filter>
    </ClCompile>
    <ClCompile Include="j1Main.cpp">
      <Filter>Motor  ========\Core</Filter>
    </ClCompile>
    <ClCompile Include="j1App.cpp">
      <Filter>Motor  ========\Core</Filter>
    </ClCompile>
    <ClCompile Include="Color.cpp">
      <Filter>Motor  ========\Tools</Filter>
    </ClCompile>
    <ClCompile Include="j1Pathfinding.cpp">
      <Filter>Motor  ========\Entities</Filter>
    </ClCompile>
    <ClCompile Include="j1SceneManager.cpp">
      <Filter>Motor  ========\Modules</Filter>
    </ClCompile>
    <ClCompile Include="GameScene.cpp">
      <Filter>Motor  ========\Scenes</Filter>
    </ClCompile>
    <ClCompile Include="Scene.cpp">
      <Filter>Motor  ========\Scenes</Filter>
    </ClCompile>
    <ClCompile Include="Transition.cpp">
      <Filter>Motor  ========\Scenes\Transition</Filter>
    </ClCompile>
    <ClCompile Include="TransitionManager.cpp">
      <Filter>Motor  ========\Scenes\Transition</Filter>
    </ClCompile>
    <ClCompile Include="CameraToMouse.cpp">
      <Filter>Motor  ========\Scenes\Transition\TransitionTypes</Filter>
    </ClCompile>
    <ClCompile Include="Cut.cpp">
      <Filter>Motor  ========\Scenes\Transition\TransitionTypes</Filter>
    </ClCompile>
    <ClCompile Include="FadeToColour.cpp">
      <Filter>Motor  ========\Scenes\Transition\TransitionTypes</Filter>
    </ClCompile>
    <ClCompile Include="Slide.cpp">
      <Filter>Motor  ========\Scenes\Transition\TransitionTypes</Filter>
    </ClCompile>
    <ClCompile Include="Wipe.cpp">
      <Filter>Motor  ========\Scenes\Transition\TransitionTypes</Filter>
    </ClCompile>
    <ClCompile Include="ZoomToMouse.cpp">
      <Filter>Motor  ========\Scenes\Transition\TransitionTypes</Filter>
    </ClCompile>
    <ClCompile Include="ZoomToTexture.cpp">
      <Filter>Motor  ========\Scenes\Transition\TransitionTypes</Filter>
    </ClCompile>
    <ClCompile Include="AlternatingBars.cpp">
      <Filter>Motor  ========\Scenes\Transition\TransitionTypes</Filter>
    </ClCompile>
    <ClCompile Include="ExpandingBars.cpp">
      <Filter>Motor  ========\Scenes\Transition\TransitionTypes</Filter>
    </ClCompile>
    <ClCompile Include="Dissolve.cpp">
      <Filter>Motor  ========\Tools</Filter>
    </ClCompile>
    <ClCompile Include="MenuScene.cpp">
      <Filter>Motor  ========\Scenes</Filter>
    </ClCompile>
    <ClCompile Include="WinScene.cpp">
      <Filter>Motor  ========\Scenes</Filter>
    </ClCompile>
    <ClCompile Include="LoseScene.cpp">
      <Filter>Motor  ========\Scenes</Filter>
    </ClCompile>
    <ClCompile Include="StartScene.cpp">
      <Filter>Motor  ========\Scenes</Filter>
    </ClCompile>
    <ClCompile Include="j1Button.cpp">
      <Filter>Motor  ========\UI</Filter>
    </ClCompile>
    <ClCompile Include="j1Element.cpp">
      <Filter>Motor  ========\UI</Filter>
    </ClCompile>
    <ClCompile Include="j1Image.cpp">
      <Filter>Motor  ========\UI</Filter>
    </ClCompile>
    <ClCompile Include="j1InputBox.cpp">
      <Filter>Motor  ========\UI</Filter>
    </ClCompile>
    <ClCompile Include="j1Label.cpp">
      <Filter>Motor  ========\UI</Filter>
    </ClCompile>
    <ClCompile Include="j1ScrollBar.cpp">
      <Filter>Motor  ========\UI</Filter>
    </ClCompile>
    <ClCompile Include="j1GUI.cpp">
      <Filter>Motor  ========\UI</Filter>
    </ClCompile>
    <ClCompile Include="j1Fonts.cpp">
      <Filter>Motor  ========\UI</Filter>
    </ClCompile>
    <ClCompile Include="SettingsScene.cpp">
      <Filter>Motor  ========\Scenes</Filter>
    </ClCompile>
    <ClCompile Include="j1QuestManager.cpp">
      <Filter>Motor  ========\Modules</Filter>
    </ClCompile>
    <ClCompile Include="Painter.cpp">
      <Filter>Motor  ========\Entities\Allies\Units</Filter>
    </ClCompile>
    <ClCompile Include="Slime.cpp">
      <Filter>Motor  ========\Entities\Enemies\Units</Filter>
    </ClCompile>
    <ClCompile Include="PaintExtractor.cpp">
      <Filter>Motor  ========\Entities\Allies\Buildings</Filter>
    </ClCompile>
    <ClCompile Include="Spawner.cpp">
      <Filter>Motor  ========\Entities\Enemies\Buildings</Filter>
    </ClCompile>
    <ClCompile Include="Warrior.cpp">
      <Filter>Motor  ========\Entities\Allies\Units</Filter>
    </ClCompile>
    <ClCompile Include="TownHall.cpp">
      <Filter>Motor  ========\Entities\Allies\Buildings</Filter>
    </ClCompile>
    <ClCompile Include="j1Audio.cpp">
      <Filter>Motor  ========\Audio</Filter>
    </ClCompile>
  </ItemGroup>
  <ItemGroup>
    <ClInclude Include="j1Window.h">
      <Filter>Motor  ========\Modules</Filter>
    </ClInclude>
    <ClInclude Include="j1Input.h">
      <Filter>Motor  ========\Modules</Filter>
    </ClInclude>
    <ClInclude Include="j1Render.h">
      <Filter>Motor  ========\Modules</Filter>
    </ClInclude>
    <ClInclude Include="j1Textures.h">
      <Filter>Motor  ========\Modules</Filter>
    </ClInclude>
    <ClInclude Include="p2Defs.h">
      <Filter>Programacio 2 ===========</Filter>
    </ClInclude>
    <ClInclude Include="p2List.h">
      <Filter>Programacio 2 ===========</Filter>
    </ClInclude>
    <ClInclude Include="p2Log.h">
      <Filter>Programacio 2 ===========</Filter>
    </ClInclude>
    <ClInclude Include="p2SString.h">
      <Filter>Programacio 2 ===========</Filter>
    </ClInclude>
    <ClInclude Include="p2Point.h">
      <Filter>Programacio 2 ===========</Filter>
    </ClInclude>
    <ClInclude Include="p2DynArray.h">
      <Filter>Programacio 2 ===========</Filter>
    </ClInclude>
    <ClInclude Include="PugiXml\src\pugiconfig.hpp">
      <Filter>Motor  ========\Tools\PuguiXML</Filter>
    </ClInclude>
    <ClInclude Include="PugiXml\src\pugixml.hpp">
      <Filter>Motor  ========\Tools\PuguiXML</Filter>
    </ClInclude>
    <ClInclude Include="j1Map.h">
      <Filter>Motor  ========\Modules</Filter>
    </ClInclude>
    <ClInclude Include="j1Timer.h">
      <Filter>Motor  ========\Tools</Filter>
    </ClInclude>
    <ClInclude Include="j1PerfTimer.h">
      <Filter>Motor  ========\Tools</Filter>
    </ClInclude>
    <ClInclude Include="j1Player.h">
      <Filter>Motor  ========\Modules</Filter>
    </ClInclude>
    <ClInclude Include="j1Collision.h">
      <Filter>Motor  ========\Modules</Filter>
    </ClInclude>
    <ClInclude Include="animation.h">
      <Filter>Motor  ========\Tools</Filter>
    </ClInclude>
    <ClInclude Include="Color.h">
      <Filter>Motor  ========\Tools</Filter>
    </ClInclude>
    <ClInclude Include="Entity.h">
      <Filter>Motor  ========\Entities</Filter>
    </ClInclude>
    <ClInclude Include="j1EntityManager.h">
      <Filter>Motor  ========\Modules</Filter>
    </ClInclude>
    <ClInclude Include="j1Module.h">
      <Filter>Motor  ========\Core</Filter>
    </ClInclude>
    <ClInclude Include="j1App.h">
      <Filter>Motor  ========\Core</Filter>
    </ClInclude>
    <ClInclude Include="j1Pathfinding.h">
      <Filter>Motor  ========\Entities</Filter>
    </ClInclude>
    <ClInclude Include="j1SceneManager.h">
      <Filter>Motor  ========\Modules</Filter>
    </ClInclude>
    <ClInclude Include="GameScene.h">
      <Filter>Motor  ========\Scenes</Filter>
    </ClInclude>
    <ClInclude Include="Scene.h">
      <Filter>Motor  ========\Scenes</Filter>
    </ClInclude>
    <ClInclude Include="Transition.h">
      <Filter>Motor  ========\Scenes\Transition</Filter>
    </ClInclude>
    <ClInclude Include="TransitionManager.h">
      <Filter>Motor  ========\Scenes\Transition</Filter>
    </ClInclude>
    <ClInclude Include="CameraToMouse.h">
      <Filter>Motor  ========\Scenes\Transition\TransitionTypes</Filter>
    </ClInclude>
    <ClInclude Include="Cut.h">
      <Filter>Motor  ========\Scenes\Transition\TransitionTypes</Filter>
    </ClInclude>
    <ClInclude Include="FadeToColour.h">
      <Filter>Motor  ========\Scenes\Transition\TransitionTypes</Filter>
    </ClInclude>
    <ClInclude Include="Slide.h">
      <Filter>Motor  ========\Scenes\Transition\TransitionTypes</Filter>
    </ClInclude>
    <ClInclude Include="Wipe.h">
      <Filter>Motor  ========\Scenes\Transition\TransitionTypes</Filter>
    </ClInclude>
    <ClInclude Include="ZoomToMouse.h">
      <Filter>Motor  ========\Scenes\Transition\TransitionTypes</Filter>
    </ClInclude>
    <ClInclude Include="ZoomToTexture.h">
      <Filter>Motor  ========\Scenes\Transition\TransitionTypes</Filter>
    </ClInclude>
    <ClInclude Include="AlternatingBars.h">
      <Filter>Motor  ========\Scenes\Transition\TransitionTypes</Filter>
    </ClInclude>
    <ClInclude Include="Bar.h">
      <Filter>Motor  ========\Scenes\Transition\TransitionTypes</Filter>
    </ClInclude>
    <ClInclude Include="ExpandingBars.h">
      <Filter>Motor  ========\Scenes\Transition\TransitionTypes</Filter>
    </ClInclude>
    <ClInclude Include="Dissolve.h">
      <Filter>Motor  ========\Tools</Filter>
    </ClInclude>
    <ClInclude Include="MenuScene.h">
      <Filter>Motor  ========\Scenes</Filter>
    </ClInclude>
    <ClInclude Include="WinScene.h">
      <Filter>Motor  ========\Scenes</Filter>
    </ClInclude>
    <ClInclude Include="LoseScene.h">
      <Filter>Motor  ========\Scenes</Filter>
    </ClInclude>
    <ClInclude Include="StartScene.h">
      <Filter>Motor  ========\Scenes</Filter>
    </ClInclude>
    <ClInclude Include="j1GUIElements.h">
      <Filter>Motor  ========\UI</Filter>
    </ClInclude>
    <ClInclude Include="j1GUI.h">
      <Filter>Motor  ========\UI</Filter>
    </ClInclude>
    <ClInclude Include="j1Fonts.h">
      <Filter>Motor  ========\UI</Filter>
    </ClInclude>
    <ClInclude Include="SettingsScene.h">
      <Filter>Motor  ========\Scenes</Filter>
    </ClInclude>
    <ClInclude Include="j1QuestManager.h">
      <Filter>Motor  ========\Modules</Filter>
    </ClInclude>
    <ClInclude Include="Painter.h">
      <Filter>Motor  ========\Entities\Allies\Units</Filter>
    </ClInclude>
    <ClInclude Include="Slime.h">
      <Filter>Motor  ========\Entities\Enemies\Units</Filter>
    </ClInclude>
    <ClInclude Include="PaintExtractor.h">
      <Filter>Motor  ========\Entities\Allies\Buildings</Filter>
    </ClInclude>
    <ClInclude Include="Spawner.h">
      <Filter>Motor  ========\Entities\Enemies\Buildings</Filter>
    </ClInclude>
    <ClInclude Include="Warrior.h">
      <Filter>Motor  ========\Entities\Allies\Units</Filter>
    </ClInclude>
    <ClInclude Include="TownHall.h">
      <Filter>Motor  ========\Entities\Allies\Buildings</Filter>
    </ClInclude>
    <ClInclude Include="j1Audio.h">
      <Filter>Motor  ========\Audio</Filter>
    </ClInclude>
  </ItemGroup>
  <ItemGroup>
    <Filter Include="Programacio 2 ===========">
      <UniqueIdentifier>{a8bfab6a-5472-4969-943e-861a8b493f08}</UniqueIdentifier>
    </Filter>
    <Filter Include="Motor  ========">
      <UniqueIdentifier>{cb944693-b9d0-484c-bad2-02d5a7cdbec6}</UniqueIdentifier>
    </Filter>
    <Filter Include="Motor  ========\Tools">
      <UniqueIdentifier>{42c748be-4a37-49de-970f-5be811d06b38}</UniqueIdentifier>
    </Filter>
    <Filter Include="Motor  ========\Tools\PuguiXML">
      <UniqueIdentifier>{7cb78d67-17cc-45eb-af97-e2106becce7b}</UniqueIdentifier>
    </Filter>
    <Filter Include="Motor  ========\Scenes">
      <UniqueIdentifier>{e07660eb-d36f-4cc9-af59-324d31c2f2f6}</UniqueIdentifier>
    </Filter>
    <Filter Include="Motor  ========\Scenes\Transition">
      <UniqueIdentifier>{a96bee88-1472-4cb0-a66c-2315493ac611}</UniqueIdentifier>
    </Filter>
    <Filter Include="Motor  ========\Modules">
      <UniqueIdentifier>{244722d1-90ce-423d-8e7a-556211865a32}</UniqueIdentifier>
    </Filter>
    <Filter Include="Motor  ========\Entities">
      <UniqueIdentifier>{cc3459b2-da39-48dd-9d70-2899448ad36b}</UniqueIdentifier>
    </Filter>
    <Filter Include="Motor  ========\Entities\Enemies">
      <UniqueIdentifier>{f8306883-084c-4e8c-bc97-b1a361cad1ea}</UniqueIdentifier>
    </Filter>
    <Filter Include="Motor  ========\Entities\Allies">
      <UniqueIdentifier>{e5ec44e9-2ba8-480a-b105-dc71c4a00fb3}</UniqueIdentifier>
    </Filter>
    <Filter Include="Motor  ========\Entities\Allies\Buildings">
      <UniqueIdentifier>{bdb9d870-3f83-4124-9c11-6bc5a42afd71}</UniqueIdentifier>
    </Filter>
    <Filter Include="Motor  ========\Entities\Allies\Units">
      <UniqueIdentifier>{3c25fe45-d213-4fba-8fd4-d3682432b4cd}</UniqueIdentifier>
    </Filter>
    <Filter Include="Motor  ========\Core">
      <UniqueIdentifier>{10a23613-96ae-43d7-b99b-896736fea92d}</UniqueIdentifier>
    </Filter>
    <Filter Include="Motor  ========\XML">
      <UniqueIdentifier>{ac70356d-d9bb-45be-99d7-0cd3367a3884}</UniqueIdentifier>
    </Filter>
    <Filter Include="Motor  ========\Scenes\Transition\TransitionTypes">
      <UniqueIdentifier>{c0d5e313-e0c5-4aca-9e0f-40d4dd75b2ab}</UniqueIdentifier>
    </Filter>
    <Filter Include="Motor  ========\UI">
      <UniqueIdentifier>{a4c0f4d8-6ace-4eb6-81f5-0798f120d611}</UniqueIdentifier>
    </Filter>
    <Filter Include="Motor  ========\Entities\Enemies\Buildings">
      <UniqueIdentifier>{13e5bc83-539a-45b0-8880-e14b5699fde1}</UniqueIdentifier>
    </Filter>
    <Filter Include="Motor  ========\Entities\Enemies\Units">
      <UniqueIdentifier>{9a2d649c-0075-412e-9804-a9154a0b0958}</UniqueIdentifier>
    </Filter>
    <Filter Include="Motor  ========\Audio">
      <UniqueIdentifier>{98417039-82aa-4c2f-bef9-40141cefc085}</UniqueIdentifier>
    </Filter>
  </ItemGroup>
  <ItemGroup>
    <Xml Include="..\Game\save_game.xml">
      <Filter>Motor  ========\XML</Filter>
    </Xml>
    <Xml Include="..\Game\config.xml">
      <Filter>Motor  ========\XML</Filter>
    </Xml>
  </ItemGroup>
</Project>